// !$*UTF8*$!
{
	archiveVersion = 1;
	classes = {
	};
	objectVersion = 46;
	objects = {

/* Begin PBXBuildFile section */
		0AC29B481C7292420061D8D1 /* AppDelegate.swift in Sources */ = {isa = PBXBuildFile; fileRef = 0AC29B471C7292420061D8D1 /* AppDelegate.swift */; };
		0AC29B4A1C7292420061D8D1 /* ViewController.swift in Sources */ = {isa = PBXBuildFile; fileRef = 0AC29B491C7292420061D8D1 /* ViewController.swift */; };
		0AC29B4D1C7292420061D8D1 /* Main.storyboard in Resources */ = {isa = PBXBuildFile; fileRef = 0AC29B4B1C7292420061D8D1 /* Main.storyboard */; };
		0AC29B4F1C7292420061D8D1 /* Assets.xcassets in Resources */ = {isa = PBXBuildFile; fileRef = 0AC29B4E1C7292420061D8D1 /* Assets.xcassets */; };
		0AC29B521C7292420061D8D1 /* LaunchScreen.storyboard in Resources */ = {isa = PBXBuildFile; fileRef = 0AC29B501C7292420061D8D1 /* LaunchScreen.storyboard */; };
		0AC29B9B1C729B650061D8D1 /* TwitterClient.swift in Sources */ = {isa = PBXBuildFile; fileRef = 0AC29B9A1C729B650061D8D1 /* TwitterClient.swift */; };
		EADAD2CD4038D4D849879A25 /* Pods_Twitter.framework in Frameworks */ = {isa = PBXBuildFile; fileRef = EE2C162157879353BFC170A2 /* Pods_Twitter.framework */; };
/* End PBXBuildFile section */

/* Begin PBXFileReference section */
		0AC29B441C7292420061D8D1 /* Twitter.app */ = {isa = PBXFileReference; explicitFileType = wrapper.application; includeInIndex = 0; path = Twitter.app; sourceTree = BUILT_PRODUCTS_DIR; };
		0AC29B471C7292420061D8D1 /* AppDelegate.swift */ = {isa = PBXFileReference; lastKnownFileType = sourcecode.swift; path = AppDelegate.swift; sourceTree = "<group>"; };
		0AC29B491C7292420061D8D1 /* ViewController.swift */ = {isa = PBXFileReference; lastKnownFileType = sourcecode.swift; path = ViewController.swift; sourceTree = "<group>"; };
		0AC29B4C1C7292420061D8D1 /* Base */ = {isa = PBXFileReference; lastKnownFileType = file.storyboard; name = Base; path = Base.lproj/Main.storyboard; sourceTree = "<group>"; };
		0AC29B4E1C7292420061D8D1 /* Assets.xcassets */ = {isa = PBXFileReference; lastKnownFileType = folder.assetcatalog; path = Assets.xcassets; sourceTree = "<group>"; };
		0AC29B511C7292420061D8D1 /* Base */ = {isa = PBXFileReference; lastKnownFileType = file.storyboard; name = Base; path = Base.lproj/LaunchScreen.storyboard; sourceTree = "<group>"; };
		0AC29B531C7292420061D8D1 /* Info.plist */ = {isa = PBXFileReference; lastKnownFileType = text.plist.xml; path = Info.plist; sourceTree = "<group>"; };
		0AC29B9A1C729B650061D8D1 /* TwitterClient.swift */ = {isa = PBXFileReference; fileEncoding = 4; lastKnownFileType = sourcecode.swift; path = TwitterClient.swift; sourceTree = "<group>"; };
		C03B5BAD24F567200134EDA2 /* Pods-Twitter.release.xcconfig */ = {isa = PBXFileReference; includeInIndex = 1; lastKnownFileType = text.xcconfig; name = "Pods-Twitter.release.xcconfig"; path = "Pods/Target Support Files/Pods-Twitter/Pods-Twitter.release.xcconfig"; sourceTree = "<group>"; };
		C03C9BCD0F0F90F677932438 /* Pods-Twitter.debug.xcconfig */ = {isa = PBXFileReference; includeInIndex = 1; lastKnownFileType = text.xcconfig; name = "Pods-Twitter.debug.xcconfig"; path = "Pods/Target Support Files/Pods-Twitter/Pods-Twitter.debug.xcconfig"; sourceTree = "<group>"; };
		EE2C162157879353BFC170A2 /* Pods_Twitter.framework */ = {isa = PBXFileReference; explicitFileType = wrapper.framework; includeInIndex = 0; path = Pods_Twitter.framework; sourceTree = BUILT_PRODUCTS_DIR; };
/* End PBXFileReference section */

/* Begin PBXFrameworksBuildPhase section */
		0AC29B411C7292420061D8D1 /* Frameworks */ = {
			isa = PBXFrameworksBuildPhase;
			buildActionMask = 2147483647;
			files = (
				EADAD2CD4038D4D849879A25 /* Pods_Twitter.framework in Frameworks */,
			);
			runOnlyForDeploymentPostprocessing = 0;
		};
/* End PBXFrameworksBuildPhase section */

/* Begin PBXGroup section */
		0AC29B3B1C7292420061D8D1 = {
			isa = PBXGroup;
			children = (
				0AC29B461C7292420061D8D1 /* Twitter */,
				0AC29B451C7292420061D8D1 /* Products */,
				29804846BBFD47F713CA9368 /* Pods */,
				C29DF09EDE2CC271AF090164 /* Frameworks */,
			);
			sourceTree = "<group>";
		};
		0AC29B451C7292420061D8D1 /* Products */ = {
			isa = PBXGroup;
			children = (
				0AC29B441C7292420061D8D1 /* Twitter.app */,
			);
			name = Products;
			sourceTree = "<group>";
		};
		0AC29B461C7292420061D8D1 /* Twitter */ = {
			isa = PBXGroup;
			children = (
				0AC29B991C729A7B0061D8D1 /* API */,
				0AC29B471C7292420061D8D1 /* AppDelegate.swift */,
				0AC29B491C7292420061D8D1 /* ViewController.swift */,
				0AC29B4B1C7292420061D8D1 /* Main.storyboard */,
				0AC29B4E1C7292420061D8D1 /* Assets.xcassets */,
				0AC29B501C7292420061D8D1 /* LaunchScreen.storyboard */,
				0AC29B531C7292420061D8D1 /* Info.plist */,
				0AC29B981C729A0E0061D8D1 /* Supporting Files */,
			);
			path = Twitter;
			sourceTree = "<group>";
		};
		0AC29B981C729A0E0061D8D1 /* Supporting Files */ = {
			isa = PBXGroup;
			children = (
			);
			name = "Supporting Files";
			sourceTree = "<group>";
		};
		0AC29B991C729A7B0061D8D1 /* API */ = {
			isa = PBXGroup;
			children = (
				0AC29B9A1C729B650061D8D1 /* TwitterClient.swift */,
			);
			name = API;
			sourceTree = "<group>";
		};
		29804846BBFD47F713CA9368 /* Pods */ = {
			isa = PBXGroup;
			children = (
				C03C9BCD0F0F90F677932438 /* Pods-Twitter.debug.xcconfig */,
				C03B5BAD24F567200134EDA2 /* Pods-Twitter.release.xcconfig */,
			);
			name = Pods;
			sourceTree = "<group>";
		};
		C29DF09EDE2CC271AF090164 /* Frameworks */ = {
			isa = PBXGroup;
			children = (
				EE2C162157879353BFC170A2 /* Pods_Twitter.framework */,
			);
			name = Frameworks;
			sourceTree = "<group>";
		};
/* End PBXGroup section */

/* Begin PBXNativeTarget section */
		0AC29B431C7292420061D8D1 /* Twitter */ = {
			isa = PBXNativeTarget;
			buildConfigurationList = 0AC29B561C7292420061D8D1 /* Build configuration list for PBXNativeTarget "Twitter" */;
			buildPhases = (
				99B11E888DCE183CDB85A44B /* Check Pods Manifest.lock */,
				0AC29B401C7292420061D8D1 /* Sources */,
				0AC29B411C7292420061D8D1 /* Frameworks */,
				0AC29B421C7292420061D8D1 /* Resources */,
				D24A9056F85A96ED73080B8E /* Embed Pods Frameworks */,
				D55F5A484B14C69C79A093B1 /* Copy Pods Resources */,
			);
			buildRules = (
			);
			dependencies = (
			);
			name = Twitter;
			productName = Twitter;
			productReference = 0AC29B441C7292420061D8D1 /* Twitter.app */;
			productType = "com.apple.product-type.application";
		};
/* End PBXNativeTarget section */

/* Begin PBXProject section */
		0AC29B3C1C7292420061D8D1 /* Project object */ = {
			isa = PBXProject;
			attributes = {
				LastSwiftUpdateCheck = 0720;
				LastUpgradeCheck = 0720;
				ORGANIZATIONNAME = "Kevin Duong";
				TargetAttributes = {
					0AC29B431C7292420061D8D1 = {
						CreatedOnToolsVersion = 7.2.1;
					};
				};
			};
			buildConfigurationList = 0AC29B3F1C7292420061D8D1 /* Build configuration list for PBXProject "Twitter" */;
			compatibilityVersion = "Xcode 3.2";
			developmentRegion = English;
			hasScannedForEncodings = 0;
			knownRegions = (
				en,
				Base,
			);
			mainGroup = 0AC29B3B1C7292420061D8D1;
			productRefGroup = 0AC29B451C7292420061D8D1 /* Products */;
			projectDirPath = "";
			projectRoot = "";
			targets = (
				0AC29B431C7292420061D8D1 /* Twitter */,
			);
		};
/* End PBXProject section */

/* Begin PBXResourcesBuildPhase section */
		0AC29B421C7292420061D8D1 /* Resources */ = {
			isa = PBXResourcesBuildPhase;
			buildActionMask = 2147483647;
			files = (
				0AC29B521C7292420061D8D1 /* LaunchScreen.storyboard in Resources */,
				0AC29B4F1C7292420061D8D1 /* Assets.xcassets in Resources */,
				0AC29B4D1C7292420061D8D1 /* Main.storyboard in Resources */,
			);
			runOnlyForDeploymentPostprocessing = 0;
		};
/* End PBXResourcesBuildPhase section */

/* Begin PBXShellScriptBuildPhase section */
		99B11E888DCE183CDB85A44B /* Check Pods Manifest.lock */ = {
			isa = PBXShellScriptBuildPhase;
			buildActionMask = 2147483647;
			files = (
			);
			inputPaths = (
			);
			name = "Check Pods Manifest.lock";
			outputPaths = (
			);
			runOnlyForDeploymentPostprocessing = 0;
			shellPath = /bin/sh;
			shellScript = "diff \"${PODS_ROOT}/../Podfile.lock\" \"${PODS_ROOT}/Manifest.lock\" > /dev/null\nif [[ $? != 0 ]] ; then\n    cat << EOM\nerror: The sandbox is not in sync with the Podfile.lock. Run 'pod install' or update your CocoaPods installation.\nEOM\n    exit 1\nfi\n";
			showEnvVarsInLog = 0;
		};
		D24A9056F85A96ED73080B8E /* Embed Pods Frameworks */ = {
			isa = PBXShellScriptBuildPhase;
			buildActionMask = 2147483647;
			files = (
			);
			inputPaths = (
			);
			name = "Embed Pods Frameworks";
			outputPaths = (
			);
			runOnlyForDeploymentPostprocessing = 0;
			shellPath = /bin/sh;
			shellScript = "\"${SRCROOT}/Pods/Target Support Files/Pods-Twitter/Pods-Twitter-frameworks.sh\"\n";
			showEnvVarsInLog = 0;
		};
		D55F5A484B14C69C79A093B1 /* Copy Pods Resources */ = {
			isa = PBXShellScriptBuildPhase;
			buildActionMask = 2147483647;
			files = (
			);
			inputPaths = (
			);
			name = "Copy Pods Resources";
			outputPaths = (
			);
			runOnlyForDeploymentPostprocessing = 0;
			shellPath = /bin/sh;
			shellScript = "\"${SRCROOT}/Pods/Target Support Files/Pods-Twitter/Pods-Twitter-resources.sh\"\n";
			showEnvVarsInLog = 0;
		};
/* End PBXShellScriptBuildPhase section */

/* Begin PBXSourcesBuildPhase section */
		0AC29B401C7292420061D8D1 /* Sources */ = {
			isa = PBXSourcesBuildPhase;
			buildActionMask = 2147483647;
			files = (
				0AC29B4A1C7292420061D8D1 /* ViewController.swift in Sources */,
				0AC29B9B1C729B650061D8D1 /* TwitterClient.swift in Sources */,
				0AC29B481C7292420061D8D1 /* AppDelegate.swift in Sources */,
			);
			runOnlyForDeploymentPostprocessing = 0;
		};
/* End PBXSourcesBuildPhase section */

/* Begin PBXVariantGroup section */
		0AC29B4B1C7292420061D8D1 /* Main.storyboard */ = {
			isa = PBXVariantGroup;
			children = (
				0AC29B4C1C7292420061D8D1 /* Base */,
			);
			name = Main.storyboard;
			sourceTree = "<group>";
		};
		0AC29B501C7292420061D8D1 /* LaunchScreen.storyboard */ = {
			isa = PBXVariantGroup;
			children = (
				0AC29B511C7292420061D8D1 /* Base */,
			);
			name = LaunchScreen.storyboard;
			sourceTree = "<group>";
		};
/* End PBXVariantGroup section */

/* Begin XCBuildConfiguration section */
		0AC29B541C7292420061D8D1 /* Debug */ = {
			isa = XCBuildConfiguration;
			buildSettings = {
				ALWAYS_SEARCH_USER_PATHS = NO;
				CLANG_CXX_LANGUAGE_STANDARD = "gnu++0x";
				CLANG_CXX_LIBRARY = "libc++";
				CLANG_ENABLE_MODULES = YES;
				CLANG_ENABLE_OBJC_ARC = YES;
				CLANG_WARN_BOOL_CONVERSION = YES;
				CLANG_WARN_CONSTANT_CONVERSION = YES;
				CLANG_WARN_DIRECT_OBJC_ISA_USAGE = YES_ERROR;
				CLANG_WARN_EMPTY_BODY = YES;
				CLANG_WARN_ENUM_CONVERSION = YES;
				CLANG_WARN_INT_CONVERSION = YES;
				CLANG_WARN_OBJC_ROOT_CLASS = YES_ERROR;
				CLANG_WARN_UNREACHABLE_CODE = YES;
				CLANG_WARN__DUPLICATE_METHOD_MATCH = YES;
				"CODE_SIGN_IDENTITY[sdk=iphoneos*]" = "iPhone Developer";
				COPY_PHASE_STRIP = NO;
				DEBUG_INFORMATION_FORMAT = dwarf;
				ENABLE_STRICT_OBJC_MSGSEND = YES;
				ENABLE_TESTABILITY = YES;
				GCC_C_LANGUAGE_STANDARD = gnu99;
				GCC_DYNAMIC_NO_PIC = NO;
				GCC_NO_COMMON_BLOCKS = YES;
				GCC_OPTIMIZATION_LEVEL = 0;
				GCC_PREPROCESSOR_DEFINITIONS = (
					"DEBUG=1",
					"$(inherited)",
				);
				GCC_WARN_64_TO_32_BIT_CONVERSION = YES;
				GCC_WARN_ABOUT_RETURN_TYPE = YES_ERROR;
				GCC_WARN_UNDECLARED_SELECTOR = YES;
				GCC_WARN_UNINITIALIZED_AUTOS = YES_AGGRESSIVE;
				GCC_WARN_UNUSED_FUNCTION = YES;
				GCC_WARN_UNUSED_VARIABLE = YES;
				IPHONEOS_DEPLOYMENT_TARGET = 9.2;
				MTL_ENABLE_DEBUG_INFO = YES;
				ONLY_ACTIVE_ARCH = YES;
				SDKROOT = iphoneos;
				SWIFT_OPTIMIZATION_LEVEL = "-Onone";
				TARGETED_DEVICE_FAMILY = "1,2";
			};
			name = Debug;
		};
		0AC29B551C7292420061D8D1 /* Release */ = {
			isa = XCBuildConfiguration;
			buildSettings = {
				ALWAYS_SEARCH_USER_PATHS = NO;
				CLANG_CXX_LANGUAGE_STANDARD = "gnu++0x";
				CLANG_CXX_LIBRARY = "libc++";
				CLANG_ENABLE_MODULES = YES;
				CLANG_ENABLE_OBJC_ARC = YES;
				CLANG_WARN_BOOL_CONVERSION = YES;
				CLANG_WARN_CONSTANT_CONVERSION = YES;
				CLANG_WARN_DIRECT_OBJC_ISA_USAGE = YES_ERROR;
				CLANG_WARN_EMPTY_BODY = YES;
				CLANG_WARN_ENUM_CONVERSION = YES;
				CLANG_WARN_INT_CONVERSION = YES;
				CLANG_WARN_OBJC_ROOT_CLASS = YES_ERROR;
				CLANG_WARN_UNREACHABLE_CODE = YES;
				CLANG_WARN__DUPLICATE_METHOD_MATCH = YES;
				"CODE_SIGN_IDENTITY[sdk=iphoneos*]" = "iPhone Developer";
				COPY_PHASE_STRIP = NO;
				DEBUG_INFORMATION_FORMAT = "dwarf-with-dsym";
				ENABLE_NS_ASSERTIONS = NO;
				ENABLE_STRICT_OBJC_MSGSEND = YES;
				GCC_C_LANGUAGE_STANDARD = gnu99;
				GCC_NO_COMMON_BLOCKS = YES;
				GCC_WARN_64_TO_32_BIT_CONVERSION = YES;
				GCC_WARN_ABOUT_RETURN_TYPE = YES_ERROR;
				GCC_WARN_UNDECLARED_SELECTOR = YES;
				GCC_WARN_UNINITIALIZED_AUTOS = YES_AGGRESSIVE;
				GCC_WARN_UNUSED_FUNCTION = YES;
				GCC_WARN_UNUSED_VARIABLE = YES;
				IPHONEOS_DEPLOYMENT_TARGET = 9.2;
				MTL_ENABLE_DEBUG_INFO = NO;
				SDKROOT = iphoneos;
				TARGETED_DEVICE_FAMILY = "1,2";
				VALIDATE_PRODUCT = YES;
			};
			name = Release;
		};
		0AC29B571C7292420061D8D1 /* Debug */ = {
			isa = XCBuildConfiguration;
			baseConfigurationReference = C03C9BCD0F0F90F677932438 /* Pods-Twitter.debug.xcconfig */;
			buildSettings = {
				ASSETCATALOG_COMPILER_APPICON_NAME = AppIcon;
				CLANG_ENABLE_MODULES = YES;
				INFOPLIST_FILE = Twitter/Info.plist;
				LD_RUNPATH_SEARCH_PATHS = "$(inherited) @executable_path/Frameworks";
				PRODUCT_BUNDLE_IDENTIFIER = com.kevinduong.Twitter;
				PRODUCT_NAME = "$(TARGET_NAME)";
				SWIFT_OPTIMIZATION_LEVEL = "-Onone";
			};
			name = Debug;
		};
		0AC29B581C7292420061D8D1 /* Release */ = {
			isa = XCBuildConfiguration;
			baseConfigurationReference = C03B5BAD24F567200134EDA2 /* Pods-Twitter.release.xcconfig */;
			buildSettings = {
				ASSETCATALOG_COMPILER_APPICON_NAME = AppIcon;
				CLANG_ENABLE_MODULES = YES;
				INFOPLIST_FILE = Twitter/Info.plist;
				LD_RUNPATH_SEARCH_PATHS = "$(inherited) @executable_path/Frameworks";
				PRODUCT_BUNDLE_IDENTIFIER = com.kevinduong.Twitter;
				PRODUCT_NAME = "$(TARGET_NAME)";
			};
			name = Release;
		};
/* End XCBuildConfiguration section */

/* Begin XCConfigurationList section */
		0AC29B3F1C7292420061D8D1 /* Build configuration list for PBXProject "Twitter" */ = {
			isa = XCConfigurationList;
			buildConfigurations = (
				0AC29B541C7292420061D8D1 /* Debug */,
				0AC29B551C7292420061D8D1 /* Release */,
			);
			defaultConfigurationIsVisible = 0;
			defaultConfigurationName = Release;
		};
		0AC29B561C7292420061D8D1 /* Build configuration list for PBXNativeTarget "Twitter" */ = {
			isa = XCConfigurationList;
			buildConfigurations = (
				0AC29B571C7292420061D8D1 /* Debug */,
				0AC29B581C7292420061D8D1 /* Release */,
			);
			defaultConfigurationIsVisible = 0;
			defaultConfigurationName = Release;
		};
/* End XCConfigurationList section */
	};
	rootObject = 0AC29B3C1C7292420061D8D1 /* Project object */;
}
